##### LICENSE #####
# MIT License
#
# Copyright (c) 2021-present Andrei Jiroh Halili, The Pins Team and its contributors
#
# Permission is hereby granted, free of charge, to any person obtaining a copy
# of this software and associated documentation files (the "Software"), to deal
# in the Software without restriction, including without limitation the rights
# to use, copy, modify, merge, publish, distribute, sublicense, and/or sell
# copies of the Software, and to permit persons to whom the Software is
# furnished to do so, subject to the following conditions:

# The above copyright notice and this permission notice shall be included in all
# copies or substantial portions of the Software.
#
# THE SOFTWARE IS PROVIDED "AS IS", WITHOUT WARRANTY OF ANY KIND, EXPRESS OR
# IMPLIED, INCLUDING BUT NOT LIMITED TO THE WARRANTIES OF MERCHANTABILITY,
# FITNESS FOR A PARTICULAR PURPOSE AND NONINFRINGEMENT. IN NO EVENT SHALL THE
# AUTHORS OR COPYRIGHT HOLDERS BE LIABLE FOR ANY CLAIM, DAMAGES OR OTHER
# LIABILITY, WHETHER IN AN ACTION OF CONTRACT, TORT OR OTHERWISE, ARISING FROM,
# OUT OF OR IN CONNECTION WITH THE SOFTWARE OR THE USE OR OTHER DEALINGS IN THE
# SOFTWARE.
##### LICENSE #####
version: "3"

services:
  db:
    image: postgres:13-alpine
    volumes:
      - ./data/postgres:/var/lib/postgresql/data
    environment:
      POSTGRES_PASSWORD: shitfuckery
      POSTGRES_USER: bullshithq
      # Dashes may not work so we changed it to avoid errors
      POSTGRES_DB: hashicorpvault_db
      restart: unless-stopped
      shm_size: 1024Mi
  vault:
    build:
      context: .
    image: ghcr.io/madebythepinshub/hc-vault-docker-template
    env_file:
      - .env
    ports:
      - "3000:3000"
    depends_on:
      - db
    restart: unless-stopped
    environment:
      # see https://github.com/hashicorp/docker-vault/issues/137
      SKIP_CHOWN: "true"
      DEBUG: 1
  gotty:
    image: ghcr.io/madeythepinshub/vault-gnupg-gotty:localdev
    build:
      context: terminal
    volumes:
      - ./data/gotty-home:/root
    ports:
      - "3030:3030"
    depends_on:
      # Only start when the Vault server starts
      - vault
    networks:
      - vault-gotty-net-bridger

networks:
  vault-gotty-net-bridger:
    driver: bridge